<?xml version="1.0" encoding="utf-8"?>
<Project ToolsVersion="4.0" xmlns="http://schemas.microsoft.com/developer/msbuild/2003">
  <ItemGroup>
    <Filter Include="Source Files">
      <UniqueIdentifier>{4FC737F1-C7A5-4376-A066-2A32D752A2FF}</UniqueIdentifier>
      <Extensions>cpp;c;cc;cxx;c++;cppm;ixx;def;odl;idl;hpj;bat;asm;asmx</Extensions>
    </Filter>
    <Filter Include="Header Files">
      <UniqueIdentifier>{93995380-89BD-4b04-88EB-625FBE52EBFB}</UniqueIdentifier>
      <Extensions>h;hh;hpp;hxx;h++;hm;inl;inc;ipp;xsd</Extensions>
    </Filter>
    <Filter Include="Resource Files">
      <UniqueIdentifier>{67DA6AB6-F800-4c08-8B7A-83BB121AAD01}</UniqueIdentifier>
      <Extensions>rc;ico;cur;bmp;dlg;rc2;rct;bin;rgs;gif;jpg;jpeg;jpe;resx;tiff;tif;png;wav;mfcribbon-ms</Extensions>
    </Filter>
  </ItemGroup>
  <ItemGroup>
    <ClCompile Include="src\snippetcommon\ClassicMain.cpp">
      <Filter>Source Files</Filter>
    </ClCompile>
    <ClCompile Include="src\glew.c">
      <Filter>Source Files</Filter>
    </ClCompile>
    <ClCompile Include="src\snippetrender\SnippetCamera.cpp">
      <Filter>Source Files</Filter>
    </ClCompile>
    <ClCompile Include="src\snippetrender\SnippetFontRenderer.cpp">
      <Filter>Source Files</Filter>
    </ClCompile>
    <ClCompile Include="src\snippethelloworld\SnippetHelloWorld.cpp">
      <Filter>Source Files</Filter>
    </ClCompile>
    <ClCompile Include="src\snippethelloworld\SnippetHelloWorldRender.cpp">
      <Filter>Source Files</Filter>
    </ClCompile>
    <ClCompile Include="src\snippetrender\SnippetRender.cpp">
      <Filter>Source Files</Filter>
    </ClCompile>
    <ClCompile Include="src\snippethelloworld\MyContactCallback.cpp">
      <Filter>Source Files</Filter>
    </ClCompile>
  </ItemGroup>
  <ItemGroup>
    <ClInclude Include="src\snippetcommon\SnippetPrint.h">
      <Filter>Header Files</Filter>
    </ClInclude>
    <ClInclude Include="src\snippetcommon\SnippetPVD.h">
      <Filter>Header Files</Filter>
    </ClInclude>
    <ClInclude Include="src\snippetrender\SnippetCamera.h">
      <Filter>Header Files</Filter>
    </ClInclude>
    <ClInclude Include="src\snippetrender\SnippetFontData.h">
      <Filter>Header Files</Filter>
    </ClInclude>
    <ClInclude Include="src\snippetrender\SnippetFontRenderer.h">
      <Filter>Header Files</Filter>
    </ClInclude>
    <ClInclude Include="src\snippetrender\SnippetRender.h">
      <Filter>Header Files</Filter>
    </ClInclude>
    <ClInclude Include="src\snippethelloworld\MyContactCallback.h">
      <Filter>Header Files</Filter>
    </ClInclude>
    <ClInclude Include="src\snippethelloworld\FilterGroup.h">
      <Filter>Header Files</Filter>
    </ClInclude>
  </ItemGroup>
</Project>